<?xml version="1.0" encoding="utf-8"?>
<Project ToolsVersion="4.0" xmlns="http://schemas.microsoft.com/developer/msbuild/2003">
  <ItemGroup>
    <ClInclude Include="header\Includes.h">
      <Filter>headers</Filter>
    </ClInclude>
    <ClInclude Include="header\Shader.h">
      <Filter>headers</Filter>
    </ClInclude>
    <ClInclude Include="header\stb_image.h">
      <Filter>headers</Filter>
    </ClInclude>
    <ClInclude Include="header\GameObject.h">
      <Filter>headers</Filter>
    </ClInclude>
    <ClInclude Include="resource.h" />
    <ClInclude Include="header\SpriteSheet.h">
      <Filter>headers</Filter>
    </ClInclude>
    <ClInclude Include="header\VerticesObject.h">
      <Filter>headers</Filter>
    </ClInclude>
    <ClInclude Include="header\Layer.h">
      <Filter>headers</Filter>
    </ClInclude>
    <ClInclude Include="header\Texture.h">
      <Filter>headers</Filter>
    </ClInclude>
    <ClInclude Include="header\Position.h">
      <Filter>headers</Filter>
    </ClInclude>
    <ClInclude Include="Tilemap.h" />
    <ClInclude Include="Tileset.h" />
    <ClInclude Include="header\Tilemap.h">
      <Filter>headers</Filter>
    </ClInclude>
    <ClInclude Include="header\Tileset.h">
      <Filter>headers</Filter>
    </ClInclude>
  </ItemGroup>
  <ItemGroup>
    <Image Include="resource\textura1.jpg">
      <Filter>resource</Filter>
    </Image>
    <Image Include="resource\textura2.jpg">
      <Filter>resource</Filter>
    </Image>
    <Image Include="resource\nuvem.png">
      <Filter>resource</Filter>
    </Image>
  </ItemGroup>
  <ItemGroup>
    <Filter Include="resource">
      <UniqueIdentifier>{b8db2fd0-2a62-4b40-a986-067407006e74}</UniqueIdentifier>
    </Filter>
    <Filter Include="headers">
      <UniqueIdentifier>{5e40c361-83e6-4363-9e20-d3f331445ea6}</UniqueIdentifier>
    </Filter>
    <Filter Include="source">
      <UniqueIdentifier>{c39d4882-f97d-4907-8a22-fbd612cd2c34}</UniqueIdentifier>
    </Filter>
  </ItemGroup>
  <ItemGroup>
    <ClCompile Include="source\main.cpp">
      <Filter>source</Filter>
    </ClCompile>
  </ItemGroup>
  <ItemGroup>
    <Text Include="shader\vertexShader.txt">
      <Filter>source</Filter>
    </Text>
    <Text Include="shader\fragmentShader.txt">
      <Filter>source</Filter>
    </Text>
  </ItemGroup>
</Project>